
Microsoft Visual Studio Solution File, Format Version 12.00
# Visual Studio Version 16
VisualStudioVersion = 16.0.28917.181
MinimumVisualStudioVersion = 10.0.40219.1
Project("{FAE04EC0-301F-11D3-BF4B-00C04F79EFBC}") = "catmash.API", "catmash.API\catmash.API.csproj", "{3D30A3FD-C02F-44DA-BD7C-1E461AC17FBD}"
EndProject
Project("{FAE04EC0-301F-11D3-BF4B-00C04F79EFBC}") = "catmash.Test", "catmash.Test\catmash.Test.csproj", "{B016B33C-B67D-4806-8497-F28F2C232C73}"
EndProject
Project("{FAE04EC0-301F-11D3-BF4B-00C04F79EFBC}") = "catmash.Models", "catmash.Models\catmash.Models.csproj", "{179B48B7-47D8-44BB-ABBD-A5FA141C2E87}"
EndProject
Project("{FAE04EC0-301F-11D3-BF4B-00C04F79EFBC}") = "catmash.IServices", "catmash.IServices\catmash.IServices.csproj", "{FD56A0A2-66DE-4CE7-88BB-E61C9A05E836}"
EndProject
Project("{FAE04EC0-301F-11D3-BF4B-00C04F79EFBC}") = "catmash.Services", "catmash.Services\catmash.Services.csproj", "{0ACF2ECF-C65B-4013-BB40-81E712FF9DFC}"
EndProject
Project("{FAE04EC0-301F-11D3-BF4B-00C04F79EFBC}") = "catmash.Repository", "catmash.Repository\catmash.Repository.csproj", "{A66F2303-308F-41EC-867F-BDD18D388632}"
EndProject
Global
	GlobalSection(SolutionConfigurationPlatforms) = preSolution
		Debug|Any CPU = Debug|Any CPU
		Release|Any CPU = Release|Any CPU
	EndGlobalSection
	GlobalSection(ProjectConfigurationPlatforms) = postSolution
		{3D30A3FD-C02F-44DA-BD7C-1E461AC17FBD}.Debug|Any CPU.ActiveCfg = Debug|Any CPU
		{3D30A3FD-C02F-44DA-BD7C-1E461AC17FBD}.Debug|Any CPU.Build.0 = Debug|Any CPU
		{3D30A3FD-C02F-44DA-BD7C-1E461AC17FBD}.Release|Any CPU.ActiveCfg = Release|Any CPU
		{3D30A3FD-C02F-44DA-BD7C-1E461AC17FBD}.Release|Any CPU.Build.0 = Release|Any CPU
		{B016B33C-B67D-4806-8497-F28F2C232C73}.Debug|Any CPU.ActiveCfg = Debug|Any CPU
		{B016B33C-B67D-4806-8497-F28F2C232C73}.Debug|Any CPU.Build.0 = Debug|Any CPU
		{B016B33C-B67D-4806-8497-F28F2C232C73}.Release|Any CPU.ActiveCfg = Release|Any CPU
		{B016B33C-B67D-4806-8497-F28F2C232C73}.Release|Any CPU.Build.0 = Release|Any CPU
		{179B48B7-47D8-44BB-ABBD-A5FA141C2E87}.Debug|Any CPU.ActiveCfg = Debug|Any CPU
		{179B48B7-47D8-44BB-ABBD-A5FA141C2E87}.Debug|Any CPU.Build.0 = Debug|Any CPU
		{179B48B7-47D8-44BB-ABBD-A5FA141C2E87}.Release|Any CPU.ActiveCfg = Release|Any CPU
		{179B48B7-47D8-44BB-ABBD-A5FA141C2E87}.Release|Any CPU.Build.0 = Release|Any CPU
		{FD56A0A2-66DE-4CE7-88BB-E61C9A05E836}.Debug|Any CPU.ActiveCfg = Debug|Any CPU
		{FD56A0A2-66DE-4CE7-88BB-E61C9A05E836}.Debug|Any CPU.Build.0 = Debug|Any CPU
		{FD56A0A2-66DE-4CE7-88BB-E61C9A05E836}.Release|Any CPU.ActiveCfg = Release|Any CPU
		{FD56A0A2-66DE-4CE7-88BB-E61C9A05E836}.Release|Any CPU.Build.0 = Release|Any CPU
		{0ACF2ECF-C65B-4013-BB40-81E712FF9DFC}.Debug|Any CPU.ActiveCfg = Debug|Any CPU
		{0ACF2ECF-C65B-4013-BB40-81E712FF9DFC}.Debug|Any CPU.Build.0 = Debug|Any CPU
		{0ACF2ECF-C65B-4013-BB40-81E712FF9DFC}.Release|Any CPU.ActiveCfg = Release|Any CPU
		{0ACF2ECF-C65B-4013-BB40-81E712FF9DFC}.Release|Any CPU.Build.0 = Release|Any CPU
		{A66F2303-308F-41EC-867F-BDD18D388632}.Debug|Any CPU.ActiveCfg = Debug|Any CPU
		{A66F2303-308F-41EC-867F-BDD18D388632}.Debug|Any CPU.Build.0 = Debug|Any CPU
		{A66F2303-308F-41EC-867F-BDD18D388632}.Release|Any CPU.ActiveCfg = Release|Any CPU
		{A66F2303-308F-41EC-867F-BDD18D388632}.Release|Any CPU.Build.0 = Release|Any CPU
	EndGlobalSection
	GlobalSection(SolutionProperties) = preSolution
		HideSolutionNode = FALSE
	EndGlobalSection
	GlobalSection(ExtensibilityGlobals) = postSolution
		SolutionGuid = {19F31DE9-9E0F-49E8-8189-9D57995361BC}
	EndGlobalSection
EndGlobal
